
Microsoft Visual Studio Solution File, Format Version 12.00
# Visual Studio Version 17
VisualStudioVersion = 17.9.34622.214
MinimumVisualStudioVersion = 10.0.40219.1
Project("{FAE04EC0-301F-11D3-BF4B-00C04F79EFBC}") = "Timer", "Timer.csproj", "{B113969B-DE47-4671-9828-F95A353297A7}"
EndProject
Global
	GlobalSection(SolutionConfigurationPlatforms) = preSolution
		Debug|Any CPU = Debug|Any CPU
		Release|Any CPU = Release|Any CPU
	EndGlobalSection
	GlobalSection(ProjectConfigurationPlatforms) = postSolution
		{B113969B-DE47-4671-9828-F95A353297A7}.Debug|Any CPU.ActiveCfg = Debug|Any CPU
		{B113969B-DE47-4671-9828-F95A353297A7}.Debug|Any CPU.Build.0 = Debug|Any CPU
		{B113969B-DE47-4671-9828-F95A353297A7}.Release|Any CPU.ActiveCfg = Release|Any CPU
		{B113969B-DE47-4671-9828-F95A353297A7}.Release|Any CPU.Build.0 = Release|Any CPU
	EndGlobalSection
	GlobalSection(SolutionProperties) = preSolution
		HideSolutionNode = FALSE
	EndGlobalSection
	GlobalSection(ExtensibilityGlobals) = postSolution
		SolutionGuid = {DF27546F-2029-4767-8D6E-B6F2DEBC3A6C}
	EndGlobalSection
EndGlobal
